<?xml version="1.0" encoding="utf-8"?>
<Project ToolsVersion="4.0" xmlns="http://schemas.microsoft.com/developer/msbuild/2003">
  <ItemGroup>
    <Filter Include="Source Files">
      <UniqueIdentifier>{4FC737F1-C7A5-4376-A066-2A32D752A2FF}</UniqueIdentifier>
      <Extensions>cpp;c;cc;cxx;def;odl;idl;hpj;bat;asm;asmx</Extensions>
    </Filter>
    <Filter Include="Header Files">
      <UniqueIdentifier>{93995380-89BD-4b04-88EB-625FBE52EBFB}</UniqueIdentifier>
      <Extensions>h;hh;hpp;hxx;hm;inl;inc;xsd</Extensions>
    </Filter>
    <Filter Include="Resource Files">
      <UniqueIdentifier>{67DA6AB6-F800-4c08-8B7A-83BB121AAD01}</UniqueIdentifier>
      <Extensions>rc;ico;cur;bmp;dlg;rc2;rct;bin;rgs;gif;jpg;jpeg;jpe;resx;tiff;tif;png;wav;mfcribbon-ms</Extensions>
    </Filter>
  </ItemGroup>
  <ItemGroup>
    <ClInclude Include="include\BasicWindow.h">
      <Filter>Header Files</Filter>
    </ClInclude>
    <ClInclude Include="include\CircularBuffer.h">
      <Filter>Header Files</Filter>
    </ClInclude>
    <ClInclude Include="include\partition_policy.h">
      <Filter>Header Files</Filter>
    </ClInclude>
    <ClInclude Include="include\pkg_partitioner.h">
      <Filter>Header Files</Filter>
    </ClInclude>
    <ClInclude Include="include\window_partitioner.h">
      <Filter>Header Files</Filter>
    </ClInclude>
    <ClInclude Include="include\WindowLoad.h">
      <Filter>Header Files</Filter>
    </ClInclude>
    <ClInclude Include="include\hash_fld_partitioner.h">
      <Filter>Header Files</Filter>
    </ClInclude>
    <ClInclude Include="include\partitioner.h">
      <Filter>Header Files</Filter>
    </ClInclude>
    <ClInclude Include="include\c_hll.h">
      <Filter>Header Files</Filter>
    </ClInclude>
    <ClInclude Include="include\debs_cell_coordinate_util.h">
      <Filter>Header Files</Filter>
    </ClInclude>
    <ClInclude Include="include\debs_structure_lib.h">
      <Filter>Header Files</Filter>
    </ClInclude>
    <ClInclude Include="include\debs_query_lib.h">
      <Filter>Header Files</Filter>
    </ClInclude>
    <ClInclude Include="include\lognormal_experiment.h">
      <Filter>Header Files</Filter>
    </ClInclude>
    <ClInclude Include="include\bit_trick_utils.h">
      <Filter>Header Files</Filter>
    </ClInclude>
    <ClInclude Include="include\murmurhash_3.h">
      <Filter>Header Files</Filter>
    </ClInclude>
    <ClInclude Include="include\round_robin_partitioner.h">
      <Filter>Header Files</Filter>
    </ClInclude>
    <ClInclude Include="include\ca_partition_lib.h">
      <Filter>Header Files</Filter>
    </ClInclude>
    <ClInclude Include="include\google_cluster_monitor_util.h">
      <Filter>Header Files</Filter>
    </ClInclude>
    <ClInclude Include="include\google_cluster_monitor_query.h">
      <Filter>Header Files</Filter>
    </ClInclude>
    <ClInclude Include="include\tpch_struct_lib.h">
      <Filter>Header Files</Filter>
    </ClInclude>
    <ClInclude Include="include\tpch_util.h">
      <Filter>Header Files</Filter>
    </ClInclude>
    <ClInclude Include="include\tpch_query_lib.h">
      <Filter>Header Files</Filter>
    </ClInclude>
    <ClInclude Include="include\imbalance_score_aggr.h">
      <Filter>Header Files</Filter>
    </ClInclude>
    <ClInclude Include="include\partitioner_factory.h">
      <Filter>Header Files</Filter>
    </ClInclude>
  </ItemGroup>
  <ItemGroup>
    <ClCompile Include="src\main.cpp">
      <Filter>Source Files</Filter>
    </ClCompile>
    <ClCompile Include="src\bit_trick_utils.cpp">
      <Filter>Source Files</Filter>
    </ClCompile>
    <ClCompile Include="src\murmurhash_3.cpp">
      <Filter>Source Files</Filter>
    </ClCompile>
    <ClCompile Include="src\debs_query_lib.cpp">
      <Filter>Source Files</Filter>
    </ClCompile>
    <ClCompile Include="src\debs_cell_coordinate_util.cpp">
      <Filter>Source Files</Filter>
    </ClCompile>
    <ClCompile Include="src\google_cluster_monitor_query.cpp">
      <Filter>Source Files</Filter>
    </ClCompile>
    <ClCompile Include="src\tpch_query_lib.cpp">
      <Filter>Source Files</Filter>
    </ClCompile>
    <ClCompile Include="src\c_hll.c">
      <Filter>Source Files</Filter>
    </ClCompile>
  </ItemGroup>
  <ItemGroup>
    <None Include="..\Makefile" />
  </ItemGroup>
</Project>